
Microsoft Visual Studio Solution File, Format Version 12.00
# Visual Studio 15
VisualStudioVersion = 15.0.28307.645
MinimumVisualStudioVersion = 10.0.40219.1
Project("{FAE04EC0-301F-11D3-BF4B-00C04F79EFBC}") = "SQLite-net.Helper", "SQLite-net.Helper\SQLite-net.Helper.csproj", "{00B4F8DA-F63F-403C-9143-7C055F60E889}"
EndProject
Project("{FAE04EC0-301F-11D3-BF4B-00C04F79EFBC}") = "SqliteTestConsole", "SqliteTestConsole\SqliteTestConsole.csproj", "{B987C42A-DB1C-4621-945E-95910A8CB1E1}"
EndProject
Global
	GlobalSection(SolutionConfigurationPlatforms) = preSolution
		Debug|Any CPU = Debug|Any CPU
		Debug|x86 = Debug|x86
		Release|Any CPU = Release|Any CPU
		Release|x86 = Release|x86
	EndGlobalSection
	GlobalSection(ProjectConfigurationPlatforms) = postSolution
		{00B4F8DA-F63F-403C-9143-7C055F60E889}.Debug|Any CPU.ActiveCfg = Debug|Any CPU
		{00B4F8DA-F63F-403C-9143-7C055F60E889}.Debug|Any CPU.Build.0 = Debug|Any CPU
		{00B4F8DA-F63F-403C-9143-7C055F60E889}.Debug|x86.ActiveCfg = Debug|Any CPU
		{00B4F8DA-F63F-403C-9143-7C055F60E889}.Debug|x86.Build.0 = Debug|Any CPU
		{00B4F8DA-F63F-403C-9143-7C055F60E889}.Release|Any CPU.ActiveCfg = Release|Any CPU
		{00B4F8DA-F63F-403C-9143-7C055F60E889}.Release|Any CPU.Build.0 = Release|Any CPU
		{00B4F8DA-F63F-403C-9143-7C055F60E889}.Release|x86.ActiveCfg = Release|Any CPU
		{00B4F8DA-F63F-403C-9143-7C055F60E889}.Release|x86.Build.0 = Release|Any CPU
		{B987C42A-DB1C-4621-945E-95910A8CB1E1}.Debug|Any CPU.ActiveCfg = Debug|Any CPU
		{B987C42A-DB1C-4621-945E-95910A8CB1E1}.Debug|Any CPU.Build.0 = Debug|Any CPU
		{B987C42A-DB1C-4621-945E-95910A8CB1E1}.Debug|x86.ActiveCfg = Debug|Any CPU
		{B987C42A-DB1C-4621-945E-95910A8CB1E1}.Debug|x86.Build.0 = Debug|Any CPU
		{B987C42A-DB1C-4621-945E-95910A8CB1E1}.Release|Any CPU.ActiveCfg = Release|Any CPU
		{B987C42A-DB1C-4621-945E-95910A8CB1E1}.Release|Any CPU.Build.0 = Release|Any CPU
		{B987C42A-DB1C-4621-945E-95910A8CB1E1}.Release|x86.ActiveCfg = Release|Any CPU
		{B987C42A-DB1C-4621-945E-95910A8CB1E1}.Release|x86.Build.0 = Release|Any CPU
	EndGlobalSection
	GlobalSection(SolutionProperties) = preSolution
		HideSolutionNode = FALSE
	EndGlobalSection
	GlobalSection(ExtensibilityGlobals) = postSolution
		SolutionGuid = {2557122D-8CB2-4263-854A-197AC5D9966F}
	EndGlobalSection
EndGlobal
